
Microsoft Visual Studio Solution File, Format Version 12.00
# Visual Studio Version 17
VisualStudioVersion = 17.8.34408.163
MinimumVisualStudioVersion = 10.0.40219.1
Project("{FAE04EC0-301F-11D3-BF4B-00C04F79EFBC}") = "Atividade 5.2 poo", "Atividade 5.2 poo\Atividade 5.2 poo.csproj", "{8EC595A5-AF3C-4308-A779-E0DE4A900E15}"
EndProject
Global
	GlobalSection(SolutionConfigurationPlatforms) = preSolution
		Debug|Any CPU = Debug|Any CPU
		Release|Any CPU = Release|Any CPU
	EndGlobalSection
	GlobalSection(ProjectConfigurationPlatforms) = postSolution
		{8EC595A5-AF3C-4308-A779-E0DE4A900E15}.Debug|Any CPU.ActiveCfg = Debug|Any CPU
		{8EC595A5-AF3C-4308-A779-E0DE4A900E15}.Debug|Any CPU.Build.0 = Debug|Any CPU
		{8EC595A5-AF3C-4308-A779-E0DE4A900E15}.Release|Any CPU.ActiveCfg = Release|Any CPU
		{8EC595A5-AF3C-4308-A779-E0DE4A900E15}.Release|Any CPU.Build.0 = Release|Any CPU
	EndGlobalSection
	GlobalSection(SolutionProperties) = preSolution
		HideSolutionNode = FALSE
	EndGlobalSection
	GlobalSection(ExtensibilityGlobals) = postSolution
		SolutionGuid = {F95E3A01-5997-411A-804B-D7FFAD244A4E}
	EndGlobalSection
EndGlobal
