
Microsoft Visual Studio Solution File, Format Version 12.00
# Visual Studio Version 17
VisualStudioVersion = 17.8.34408.163
MinimumVisualStudioVersion = 10.0.40219.1
Project("{FAE04EC0-301F-11D3-BF4B-00C04F79EFBC}") = "Atividade 5 poo", "Atividade 5 poo\Atividade 5 poo.csproj", "{B55493DE-21AA-4F1E-B3E7-B294E59811C0}"
EndProject
Global
	GlobalSection(SolutionConfigurationPlatforms) = preSolution
		Debug|Any CPU = Debug|Any CPU
		Release|Any CPU = Release|Any CPU
	EndGlobalSection
	GlobalSection(ProjectConfigurationPlatforms) = postSolution
		{B55493DE-21AA-4F1E-B3E7-B294E59811C0}.Debug|Any CPU.ActiveCfg = Debug|Any CPU
		{B55493DE-21AA-4F1E-B3E7-B294E59811C0}.Debug|Any CPU.Build.0 = Debug|Any CPU
		{B55493DE-21AA-4F1E-B3E7-B294E59811C0}.Release|Any CPU.ActiveCfg = Release|Any CPU
		{B55493DE-21AA-4F1E-B3E7-B294E59811C0}.Release|Any CPU.Build.0 = Release|Any CPU
	EndGlobalSection
	GlobalSection(SolutionProperties) = preSolution
		HideSolutionNode = FALSE
	EndGlobalSection
	GlobalSection(ExtensibilityGlobals) = postSolution
		SolutionGuid = {DD34361E-71B4-4A1E-B191-A922BF0C2E3C}
	EndGlobalSection
EndGlobal
